
Microsoft Visual Studio Solution File, Format Version 12.00
# Visual Studio Version 16
VisualStudioVersion = 25.0.1700.0
MinimumVisualStudioVersion = 10.0.40219.1
Project("{FAE04EC0-301F-11D3-BF4B-00C04F79EFBC}") = "Variables", "Variables\Variables.csproj", "{0417E108-35DA-4405-9150-C74E710832FF}"
EndProject
Global
	GlobalSection(SolutionConfigurationPlatforms) = preSolution
		Debug|Any CPU = Debug|Any CPU
		Release|Any CPU = Release|Any CPU
	EndGlobalSection
	GlobalSection(ProjectConfigurationPlatforms) = postSolution
		{0417E108-35DA-4405-9150-C74E710832FF}.Debug|Any CPU.ActiveCfg = Debug|Any CPU
		{0417E108-35DA-4405-9150-C74E710832FF}.Debug|Any CPU.Build.0 = Debug|Any CPU
		{0417E108-35DA-4405-9150-C74E710832FF}.Release|Any CPU.ActiveCfg = Release|Any CPU
		{0417E108-35DA-4405-9150-C74E710832FF}.Release|Any CPU.Build.0 = Release|Any CPU
	EndGlobalSection
	GlobalSection(SolutionProperties) = preSolution
		HideSolutionNode = FALSE
	EndGlobalSection
	GlobalSection(ExtensibilityGlobals) = postSolution
		SolutionGuid = {0E014DC1-ED7D-4081-9298-64711B763A0C}
	EndGlobalSection
EndGlobal
